{
  "requires": true,
  "lockfileVersion": 1,
  "dependencies": {
    "hoist-non-react-statics": {
      "version": "3.3.0",
      "resolved": "https://registry.npmjs.org/hoist-non-react-statics/-/hoist-non-react-statics-3.3.0.tgz",
      "integrity": "sha512-0XsbTXxgiaCDYDIWFcwkmerZPSwywfUqYmwT4jzewKTQSWoE6FCMoUVOeBJWK3E/CrWbxRG3m5GzY4lnIwGRBA==",
      "requires": {
        "react-is": "^16.7.0"
      }
    },
    "react-is": {
      "version": "16.10.2",
      "resolved": "https://registry.npmjs.org/react-is/-/react-is-16.10.2.tgz",
      "integrity": "sha512-INBT1QEgtcCCgvccr5/86CfD71fw9EPmDxgiJX4I2Ddr6ZsV6iFXsuby+qWJPtmNuMY0zByTsG4468P7nHuNWA=="
    },
    "react-lifecycles-compat": {
      "version": "3.0.4",
      "resolved": "https://registry.npmjs.org/react-lifecycles-compat/-/react-lifecycles-compat-3.0.4.tgz",
      "integrity": "sha512-fBASbA6LnOU9dOU2eW7aQ8xmYBSXUIWr+UmF9b1efZBazGNO+rcXT/icdKnYm2pTwcRylVUYwW7H1PHfLekVzA=="
    },
    "react-native-safe-area-view": {
      "version": "0.14.8",
      "resolved": "https://registry.npmjs.org/react-native-safe-area-view/-/react-native-safe-area-view-0.14.8.tgz",
      "integrity": "sha512-MtRSIcZNstxv87Jet+UsPhEd1tpGe8cVskDXlP657x6rHpSrbrc+y13ZNXrwAgGNNhqQNX7UJT68ZIq//ZRmvw==",
      "requires": {
        "hoist-non-react-statics": "^2.3.1"
      },
      "dependencies": {
        "hoist-non-react-statics": {
          "version": "2.5.5",
          "resolved": "https://registry.npmjs.org/hoist-non-react-statics/-/hoist-non-react-statics-2.5.5.tgz",
          "integrity": "sha512-rqcy4pJo55FTTLWt+bU8ukscqHeE/e9KWvsOW2b/a3afxQZhwkQdT1rPPCJ0rYXdj4vNcasY8zHTH+jF/qStxw=="
        }
      }
    },
    "react-native-tab-view": {
      "version": "2.10.0",
      "resolved": "https://registry.npmjs.org/react-native-tab-view/-/react-native-tab-view-2.10.0.tgz",
      "integrity": "sha512-qgexVz5eO4yaFjdkmn/sURXgVvaBo6pZD/q1eoca96SbPVbaH3WzVhF3bRUfeTHwZkXwznFTpS3JURqIFU8vQA=="
    },
    "react-navigation-tabs": {
      "version": "2.5.6",
      "resolved": "https://registry.npmjs.org/react-navigation-tabs/-/react-navigation-tabs-2.5.6.tgz",
      "integrity": "sha512-4WivEAsChJ+MuJ6JHxhAUMekHnVIt/zc4y/07KChXD5NBkSE0sk4vmMRndZQ6AP3n/ZihACcfigBAsMoqt0JXA==",
      "requires": {
        "hoist-non-react-statics": "^3.3.0",
        "react-lifecycles-compat": "^3.0.4",
        "react-native-safe-area-view": "^0.14.6",
        "react-native-tab-view": "^2.9.0"
      }
    }
  }
}
