{
  "requires": true,
  "lockfileVersion": 1,
  "dependencies": {
    "hoist-non-react-statics": {
      "version": "3.3.0",
      "resolved": "https://registry.npmjs.org/hoist-non-react-statics/-/hoist-non-react-statics-3.3.0.tgz",
      "integrity": "sha512-0XsbTXxgiaCDYDIWFcwkmerZPSwywfUqYmwT4jzewKTQSWoE6FCMoUVOeBJWK3E/CrWbxRG3m5GzY4lnIwGRBA==",
      "requires": {
        "react-is": "^16.7.0"
      }
    },
    "react-is": {
      "version": "16.10.2",
      "resolved": "https://registry.npmjs.org/react-is/-/react-is-16.10.2.tgz",
      "integrity": "sha512-INBT1QEgtcCCgvccr5/86CfD71fw9EPmDxgiJX4I2Ddr6ZsV6iFXsuby+qWJPtmNuMY0zByTsG4468P7nHuNWA=="
    },
    "react-lifecycles-compat": {
      "version": "3.0.4",
      "resolved": "https://registry.npmjs.org/react-lifecycles-compat/-/react-lifecycles-compat-3.0.4.tgz",
      "integrity": "sha512-fBASbA6LnOU9dOU2eW7aQ8xmYBSXUIWr+UmF9b1efZBazGNO+rcXT/icdKnYm2pTwcRylVUYwW7H1PHfLekVzA=="
    },
    "react-native-floating-action": {
      "version": "1.19.1",
      "resolved": "https://registry.npmjs.org/react-native-floating-action/-/react-native-floating-action-1.19.1.tgz",
      "integrity": "sha512-6zgiCJyV63TOxpDKK+OxzhghMcBSn1Qhjb8p8TrfrUGAkzh7gQcmNN4ahq1CVbrN0ZpKhWET68WeifisYnQWyg=="
    },
    "react-native-linear-gradient": {
      "version": "2.5.6",
      "resolved": "https://registry.npmjs.org/react-native-linear-gradient/-/react-native-linear-gradient-2.5.6.tgz",
      "integrity": "sha512-HDwEaXcQIuXXCV70O+bK1rizFong3wj+5Q/jSyifKFLg0VWF95xh8XQgfzXwtq0NggL9vNjPKXa016KuFu+VFg=="
    },
    "react-native-number-selector": {
      "version": "1.0.1",
      "resolved": "https://registry.npmjs.org/react-native-number-selector/-/react-native-number-selector-1.0.1.tgz",
      "integrity": "sha512-kqYkEUGbmehm9NXa9f1T2bM3Y4k0QDfPYj9+RcZuwXZxxhL+R25rdCpH5KJiIv6Rx1chyVy8cA/YW27g77VAYg=="
    },
    "react-native-safe-area-view": {
      "version": "0.14.8",
      "resolved": "https://registry.npmjs.org/react-native-safe-area-view/-/react-native-safe-area-view-0.14.8.tgz",
      "integrity": "sha512-MtRSIcZNstxv87Jet+UsPhEd1tpGe8cVskDXlP657x6rHpSrbrc+y13ZNXrwAgGNNhqQNX7UJT68ZIq//ZRmvw==",
      "requires": {
        "hoist-non-react-statics": "^2.3.1"
      },
      "dependencies": {
        "hoist-non-react-statics": {
          "version": "2.5.5",
          "resolved": "https://registry.npmjs.org/hoist-non-react-statics/-/hoist-non-react-statics-2.5.5.tgz",
          "integrity": "sha512-rqcy4pJo55FTTLWt+bU8ukscqHeE/e9KWvsOW2b/a3afxQZhwkQdT1rPPCJ0rYXdj4vNcasY8zHTH+jF/qStxw=="
        }
      }
    },
    "react-native-tab-view": {
      "version": "2.10.0",
      "resolved": "https://registry.npmjs.org/react-native-tab-view/-/react-native-tab-view-2.10.0.tgz",
      "integrity": "sha512-qgexVz5eO4yaFjdkmn/sURXgVvaBo6pZD/q1eoca96SbPVbaH3WzVhF3bRUfeTHwZkXwznFTpS3JURqIFU8vQA=="
    },
    "react-navigation-tabs": {
      "version": "2.5.6",
      "resolved": "https://registry.npmjs.org/react-navigation-tabs/-/react-navigation-tabs-2.5.6.tgz",
      "integrity": "sha512-4WivEAsChJ+MuJ6JHxhAUMekHnVIt/zc4y/07KChXD5NBkSE0sk4vmMRndZQ6AP3n/ZihACcfigBAsMoqt0JXA==",
      "requires": {
        "hoist-non-react-statics": "^3.3.0",
        "react-lifecycles-compat": "^3.0.4",
        "react-native-safe-area-view": "^0.14.6",
        "react-native-tab-view": "^2.9.0"
      }
    },
    "yarn": {
      "version": "1.19.1",
      "resolved": "https://registry.npmjs.org/yarn/-/yarn-1.19.1.tgz",
      "integrity": "sha512-gBnfbL9rYY05Gt0cjJhs/siqQXHYlZalTjK3nXn2QO20xbkIFPob+LlH44ML47GcR4VU9/2dYck1BWFM0Javxw=="
    }
  }
}
